// !$*UTF8*$!
{
	archiveVersion = 1;
	classes = {
	};
	objectVersion = 50;
	objects = {

/* Begin PBXBuildFile section */
		C0486C792475BD9200D55841 /* HomeTableViewCell.swift in Sources */ = {isa = PBXBuildFile; fileRef = C0486C782475BD9200D55841 /* HomeTableViewCell.swift */; };
		C0486C7C2475BE9C00D55841 /* UITableViewCell+Ext.swift in Sources */ = {isa = PBXBuildFile; fileRef = C0486C7B2475BE9C00D55841 /* UITableViewCell+Ext.swift */; };
		C0486C802475C0B600D55841 /* Item.swift in Sources */ = {isa = PBXBuildFile; fileRef = C0486C7F2475C0B600D55841 /* Item.swift */; };
		C0486C822475C23300D55841 /* ViewCoding.swift in Sources */ = {isa = PBXBuildFile; fileRef = C0486C812475C23300D55841 /* ViewCoding.swift */; };
		E711043424A53E8600146686 /* UIView+NSLayoutConstraint.swift in Sources */ = {isa = PBXBuildFile; fileRef = E711043324A53E8600146686 /* UIView+NSLayoutConstraint.swift */; };
		E711043624A542FC00146686 /* HomeTableViewDataSourceDelegate.swift in Sources */ = {isa = PBXBuildFile; fileRef = E711043524A542FC00146686 /* HomeTableViewDataSourceDelegate.swift */; };
		E711043824A5547700146686 /* HomeViewModel.swift in Sources */ = {isa = PBXBuildFile; fileRef = E711043724A5547700146686 /* HomeViewModel.swift */; };
		E711043A24A5554200146686 /* HomeDataFetcher.swift in Sources */ = {isa = PBXBuildFile; fileRef = E711043924A5554200146686 /* HomeDataFetcher.swift */; };
		E71572B12475A0EE00EF2E06 /* AppDelegate.swift in Sources */ = {isa = PBXBuildFile; fileRef = E71572B02475A0EE00EF2E06 /* AppDelegate.swift */; };
		E71572B32475A0EE00EF2E06 /* SceneDelegate.swift in Sources */ = {isa = PBXBuildFile; fileRef = E71572B22475A0EE00EF2E06 /* SceneDelegate.swift */; };
		E71572BA2475A0F000EF2E06 /* Assets.xcassets in Resources */ = {isa = PBXBuildFile; fileRef = E71572B92475A0F000EF2E06 /* Assets.xcassets */; };
		E71572BD2475A0F000EF2E06 /* LaunchScreen.storyboard in Resources */ = {isa = PBXBuildFile; fileRef = E71572BB2475A0F000EF2E06 /* LaunchScreen.storyboard */; };
		E71572C82475A0F000EF2E06 /* VisionPlaygroundTests.swift in Sources */ = {isa = PBXBuildFile; fileRef = E71572C72475A0F000EF2E06 /* VisionPlaygroundTests.swift */; };
		E71572E02475A72000EF2E06 /* Coordinator.swift in Sources */ = {isa = PBXBuildFile; fileRef = E71572DF2475A72000EF2E06 /* Coordinator.swift */; };
		E71572E22475A9DF00EF2E06 /* AppCoordinator.swift in Sources */ = {isa = PBXBuildFile; fileRef = E71572E12475A9DF00EF2E06 /* AppCoordinator.swift */; };
		E71572E42475AAC900EF2E06 /* HomeViewController.swift in Sources */ = {isa = PBXBuildFile; fileRef = E71572E32475AAC900EF2E06 /* HomeViewController.swift */; };
		E71572E72475AB2500EF2E06 /* HomeCoordinator.swift in Sources */ = {isa = PBXBuildFile; fileRef = E71572E62475AB2500EF2E06 /* HomeCoordinator.swift */; };
/* End PBXBuildFile section */

/* Begin PBXContainerItemProxy section */
		E71572C42475A0F000EF2E06 /* PBXContainerItemProxy */ = {
			isa = PBXContainerItemProxy;
			containerPortal = E71572A52475A0EE00EF2E06 /* Project object */;
			proxyType = 1;
			remoteGlobalIDString = E71572AC2475A0EE00EF2E06;
			remoteInfo = VisionPlayground;
		};
/* End PBXContainerItemProxy section */

/* Begin PBXFileReference section */
		C0486C782475BD9200D55841 /* HomeTableViewCell.swift */ = {isa = PBXFileReference; lastKnownFileType = sourcecode.swift; path = HomeTableViewCell.swift; sourceTree = "<group>"; };
		C0486C7B2475BE9C00D55841 /* UITableViewCell+Ext.swift */ = {isa = PBXFileReference; lastKnownFileType = sourcecode.swift; path = "UITableViewCell+Ext.swift"; sourceTree = "<group>"; };
		C0486C7F2475C0B600D55841 /* Item.swift */ = {isa = PBXFileReference; lastKnownFileType = sourcecode.swift; path = Item.swift; sourceTree = "<group>"; };
		C0486C812475C23300D55841 /* ViewCoding.swift */ = {isa = PBXFileReference; lastKnownFileType = sourcecode.swift; path = ViewCoding.swift; sourceTree = "<group>"; };
		E711043324A53E8600146686 /* UIView+NSLayoutConstraint.swift */ = {isa = PBXFileReference; lastKnownFileType = sourcecode.swift; path = "UIView+NSLayoutConstraint.swift"; sourceTree = "<group>"; };
		E711043524A542FC00146686 /* HomeTableViewDataSourceDelegate.swift */ = {isa = PBXFileReference; lastKnownFileType = sourcecode.swift; path = HomeTableViewDataSourceDelegate.swift; sourceTree = "<group>"; };
		E711043724A5547700146686 /* HomeViewModel.swift */ = {isa = PBXFileReference; lastKnownFileType = sourcecode.swift; path = HomeViewModel.swift; sourceTree = "<group>"; };
		E711043924A5554200146686 /* HomeDataFetcher.swift */ = {isa = PBXFileReference; lastKnownFileType = sourcecode.swift; path = HomeDataFetcher.swift; sourceTree = "<group>"; };
		E71572AD2475A0EE00EF2E06 /* VisionPlayground.app */ = {isa = PBXFileReference; explicitFileType = wrapper.application; includeInIndex = 0; path = VisionPlayground.app; sourceTree = BUILT_PRODUCTS_DIR; };
		E71572B02475A0EE00EF2E06 /* AppDelegate.swift */ = {isa = PBXFileReference; lastKnownFileType = sourcecode.swift; path = AppDelegate.swift; sourceTree = "<group>"; };
		E71572B22475A0EE00EF2E06 /* SceneDelegate.swift */ = {isa = PBXFileReference; lastKnownFileType = sourcecode.swift; path = SceneDelegate.swift; sourceTree = "<group>"; };
		E71572B92475A0F000EF2E06 /* Assets.xcassets */ = {isa = PBXFileReference; lastKnownFileType = folder.assetcatalog; path = Assets.xcassets; sourceTree = "<group>"; };
		E71572BC2475A0F000EF2E06 /* Base */ = {isa = PBXFileReference; lastKnownFileType = file.storyboard; name = Base; path = Base.lproj/LaunchScreen.storyboard; sourceTree = "<group>"; };
		E71572BE2475A0F000EF2E06 /* Info.plist */ = {isa = PBXFileReference; lastKnownFileType = text.plist.xml; path = Info.plist; sourceTree = "<group>"; };
		E71572C32475A0F000EF2E06 /* VisionPlaygroundTests.xctest */ = {isa = PBXFileReference; explicitFileType = wrapper.cfbundle; includeInIndex = 0; path = VisionPlaygroundTests.xctest; sourceTree = BUILT_PRODUCTS_DIR; };
		E71572C72475A0F000EF2E06 /* VisionPlaygroundTests.swift */ = {isa = PBXFileReference; lastKnownFileType = sourcecode.swift; path = VisionPlaygroundTests.swift; sourceTree = "<group>"; };
		E71572C92475A0F000EF2E06 /* Info.plist */ = {isa = PBXFileReference; lastKnownFileType = text.plist.xml; path = Info.plist; sourceTree = "<group>"; };
		E71572DF2475A72000EF2E06 /* Coordinator.swift */ = {isa = PBXFileReference; lastKnownFileType = sourcecode.swift; path = Coordinator.swift; sourceTree = "<group>"; };
		E71572E12475A9DF00EF2E06 /* AppCoordinator.swift */ = {isa = PBXFileReference; lastKnownFileType = sourcecode.swift; path = AppCoordinator.swift; sourceTree = "<group>"; };
		E71572E32475AAC900EF2E06 /* HomeViewController.swift */ = {isa = PBXFileReference; lastKnownFileType = sourcecode.swift; path = HomeViewController.swift; sourceTree = "<group>"; };
		E71572E62475AB2500EF2E06 /* HomeCoordinator.swift */ = {isa = PBXFileReference; lastKnownFileType = sourcecode.swift; path = HomeCoordinator.swift; sourceTree = "<group>"; };
/* End PBXFileReference section */

/* Begin PBXFrameworksBuildPhase section */
		E71572AA2475A0EE00EF2E06 /* Frameworks */ = {
			isa = PBXFrameworksBuildPhase;
			buildActionMask = 2147483647;
			files = (
			);
			runOnlyForDeploymentPostprocessing = 0;
		};
		E71572C02475A0F000EF2E06 /* Frameworks */ = {
			isa = PBXFrameworksBuildPhase;
			buildActionMask = 2147483647;
			files = (
			);
			runOnlyForDeploymentPostprocessing = 0;
		};
/* End PBXFrameworksBuildPhase section */

/* Begin PBXGroup section */
		C0486C772475BD7400D55841 /* Components */ = {
			isa = PBXGroup;
			children = (
				C0486C782475BD9200D55841 /* HomeTableViewCell.swift */,
			);
			path = Components;
			sourceTree = "<group>";
		};
		C0486C7A2475BE7C00D55841 /* Extensions */ = {
			isa = PBXGroup;
			children = (
				C0486C7B2475BE9C00D55841 /* UITableViewCell+Ext.swift */,
				E711043324A53E8600146686 /* UIView+NSLayoutConstraint.swift */,
			);
			path = Extensions;
			sourceTree = "<group>";
		};
		C0486C7E2475BF8200D55841 /* Models */ = {
			isa = PBXGroup;
			children = (
				C0486C7F2475C0B600D55841 /* Item.swift */,
				E711043524A542FC00146686 /* HomeTableViewDataSourceDelegate.swift */,
				E711043924A5554200146686 /* HomeDataFetcher.swift */,
			);
			path = Models;
			sourceTree = "<group>";
		};
		E71572A42475A0EE00EF2E06 = {
			isa = PBXGroup;
			children = (
				E71572AF2475A0EE00EF2E06 /* VisionPlayground */,
				E71572C62475A0F000EF2E06 /* VisionPlaygroundTests */,
				E71572AE2475A0EE00EF2E06 /* Products */,
			);
			sourceTree = "<group>";
		};
		E71572AE2475A0EE00EF2E06 /* Products */ = {
			isa = PBXGroup;
			children = (
				E71572AD2475A0EE00EF2E06 /* VisionPlayground.app */,
				E71572C32475A0F000EF2E06 /* VisionPlaygroundTests.xctest */,
			);
			name = Products;
			sourceTree = "<group>";
		};
		E71572AF2475A0EE00EF2E06 /* VisionPlayground */ = {
			isa = PBXGroup;
			children = (
				E71572D42475A44200EF2E06 /* Features */,
				E71572D32475A42F00EF2E06 /* Common */,
				E71572D22475A38F00EF2E06 /* App */,
				E71572B92475A0F000EF2E06 /* Assets.xcassets */,
				E71572BB2475A0F000EF2E06 /* LaunchScreen.storyboard */,
				E71572BE2475A0F000EF2E06 /* Info.plist */,
			);
			path = VisionPlayground;
			sourceTree = "<group>";
		};
		E71572C62475A0F000EF2E06 /* VisionPlaygroundTests */ = {
			isa = PBXGroup;
			children = (
				E71572C72475A0F000EF2E06 /* VisionPlaygroundTests.swift */,
				E71572C92475A0F000EF2E06 /* Info.plist */,
			);
			path = VisionPlaygroundTests;
			sourceTree = "<group>";
		};
		E71572D22475A38F00EF2E06 /* App */ = {
			isa = PBXGroup;
			children = (
				E71572B02475A0EE00EF2E06 /* AppDelegate.swift */,
				E71572B22475A0EE00EF2E06 /* SceneDelegate.swift */,
			);
			path = App;
			sourceTree = "<group>";
		};
		E71572D32475A42F00EF2E06 /* Common */ = {
			isa = PBXGroup;
			children = (
				E71572E82475C67500EF2E06 /* Protocols */,
				C0486C7A2475BE7C00D55841 /* Extensions */,
				E71572DE2475A6FB00EF2E06 /* Coordinator */,
				E71572DD2475A4F700EF2E06 /* Components */,
			);
			path = Common;
			sourceTree = "<group>";
		};
		E71572D42475A44200EF2E06 /* Features */ = {
			isa = PBXGroup;
			children = (
				E71572D72475A4A700EF2E06 /* Home */,
			);
			path = Features;
			sourceTree = "<group>";
		};
		E71572D72475A4A700EF2E06 /* Home */ = {
			isa = PBXGroup;
			children = (
				E71572E52475AB0E00EF2E06 /* Coordinator */,
				C0486C7E2475BF8200D55841 /* Models */,
				E71572D92475A4C300EF2E06 /* View */,
				E71572D82475A4BA00EF2E06 /* ViewModel */,
			);
			path = Home;
			sourceTree = "<group>";
		};
		E71572D82475A4BA00EF2E06 /* ViewModel */ = {
			isa = PBXGroup;
			children = (
				E711043724A5547700146686 /* HomeViewModel.swift */,
			);
			path = ViewModel;
			sourceTree = "<group>";
		};
		E71572D92475A4C300EF2E06 /* View */ = {
			isa = PBXGroup;
			children = (
				C0486C772475BD7400D55841 /* Components */,
				E71572DB2475A4D100EF2E06 /* Controller */,
			);
			path = View;
			sourceTree = "<group>";
		};
		E71572DB2475A4D100EF2E06 /* Controller */ = {
			isa = PBXGroup;
			children = (
				E71572E32475AAC900EF2E06 /* HomeViewController.swift */,
			);
			path = Controller;
			sourceTree = "<group>";
		};
		E71572DD2475A4F700EF2E06 /* Components */ = {
			isa = PBXGroup;
			children = (
			);
			path = Components;
			sourceTree = "<group>";
		};
		E71572DE2475A6FB00EF2E06 /* Coordinator */ = {
			isa = PBXGroup;
			children = (
				E71572DF2475A72000EF2E06 /* Coordinator.swift */,
				E71572E12475A9DF00EF2E06 /* AppCoordinator.swift */,
			);
			path = Coordinator;
			sourceTree = "<group>";
		};
		E71572E52475AB0E00EF2E06 /* Coordinator */ = {
			isa = PBXGroup;
			children = (
				E71572E62475AB2500EF2E06 /* HomeCoordinator.swift */,
			);
			path = Coordinator;
			sourceTree = "<group>";
		};
		E71572E82475C67500EF2E06 /* Protocols */ = {
			isa = PBXGroup;
			children = (
				C0486C812475C23300D55841 /* ViewCoding.swift */,
			);
			path = Protocols;
			sourceTree = "<group>";
		};
/* End PBXGroup section */

/* Begin PBXNativeTarget section */
		E71572AC2475A0EE00EF2E06 /* VisionPlayground */ = {
			isa = PBXNativeTarget;
			buildConfigurationList = E71572CC2475A0F000EF2E06 /* Build configuration list for PBXNativeTarget "VisionPlayground" */;
			buildPhases = (
				E71572A92475A0EE00EF2E06 /* Sources */,
				E71572AA2475A0EE00EF2E06 /* Frameworks */,
				E71572AB2475A0EE00EF2E06 /* Resources */,
			);
			buildRules = (
			);
			dependencies = (
			);
			name = VisionPlayground;
			productName = VisionPlayground;
			productReference = E71572AD2475A0EE00EF2E06 /* VisionPlayground.app */;
			productType = "com.apple.product-type.application";
		};
		E71572C22475A0F000EF2E06 /* VisionPlaygroundTests */ = {
			isa = PBXNativeTarget;
			buildConfigurationList = E71572CF2475A0F000EF2E06 /* Build configuration list for PBXNativeTarget "VisionPlaygroundTests" */;
			buildPhases = (
				E71572BF2475A0F000EF2E06 /* Sources */,
				E71572C02475A0F000EF2E06 /* Frameworks */,
				E71572C12475A0F000EF2E06 /* Resources */,
			);
			buildRules = (
			);
			dependencies = (
				E71572C52475A0F000EF2E06 /* PBXTargetDependency */,
			);
			name = VisionPlaygroundTests;
			productName = VisionPlaygroundTests;
			productReference = E71572C32475A0F000EF2E06 /* VisionPlaygroundTests.xctest */;
			productType = "com.apple.product-type.bundle.unit-test";
		};
/* End PBXNativeTarget section */

/* Begin PBXProject section */
		E71572A52475A0EE00EF2E06 /* Project object */ = {
			isa = PBXProject;
			attributes = {
				LastSwiftUpdateCheck = 1140;
				LastUpgradeCheck = 1140;
				ORGANIZATIONNAME = "Lucas Moreton";
				TargetAttributes = {
					E71572AC2475A0EE00EF2E06 = {
						CreatedOnToolsVersion = 11.4.1;
					};
					E71572C22475A0F000EF2E06 = {
						CreatedOnToolsVersion = 11.4.1;
						TestTargetID = E71572AC2475A0EE00EF2E06;
					};
				};
			};
			buildConfigurationList = E71572A82475A0EE00EF2E06 /* Build configuration list for PBXProject "VisionPlayground" */;
			compatibilityVersion = "Xcode 9.3";
			developmentRegion = en;
			hasScannedForEncodings = 0;
			knownRegions = (
				en,
				Base,
			);
			mainGroup = E71572A42475A0EE00EF2E06;
			productRefGroup = E71572AE2475A0EE00EF2E06 /* Products */;
			projectDirPath = "";
			projectRoot = "";
			targets = (
				E71572AC2475A0EE00EF2E06 /* VisionPlayground */,
				E71572C22475A0F000EF2E06 /* VisionPlaygroundTests */,
			);
		};
/* End PBXProject section */

/* Begin PBXResourcesBuildPhase section */
		E71572AB2475A0EE00EF2E06 /* Resources */ = {
			isa = PBXResourcesBuildPhase;
			buildActionMask = 2147483647;
			files = (
				E71572BD2475A0F000EF2E06 /* LaunchScreen.storyboard in Resources */,
				E71572BA2475A0F000EF2E06 /* Assets.xcassets in Resources */,
			);
			runOnlyForDeploymentPostprocessing = 0;
		};
		E71572C12475A0F000EF2E06 /* Resources */ = {
			isa = PBXResourcesBuildPhase;
			buildActionMask = 2147483647;
			files = (
			);
			runOnlyForDeploymentPostprocessing = 0;
		};
/* End PBXResourcesBuildPhase section */

/* Begin PBXSourcesBuildPhase section */
		E71572A92475A0EE00EF2E06 /* Sources */ = {
			isa = PBXSourcesBuildPhase;
			buildActionMask = 2147483647;
			files = (
				E71572E42475AAC900EF2E06 /* HomeViewController.swift in Sources */,
				E711043424A53E8600146686 /* UIView+NSLayoutConstraint.swift in Sources */,
				C0486C802475C0B600D55841 /* Item.swift in Sources */,
				C0486C822475C23300D55841 /* ViewCoding.swift in Sources */,
				C0486C7C2475BE9C00D55841 /* UITableViewCell+Ext.swift in Sources */,
				E71572E22475A9DF00EF2E06 /* AppCoordinator.swift in Sources */,
				E711043624A542FC00146686 /* HomeTableViewDataSourceDelegate.swift in Sources */,
				C0486C792475BD9200D55841 /* HomeTableViewCell.swift in Sources */,
				E711043A24A5554200146686 /* HomeDataFetcher.swift in Sources */,
				E711043824A5547700146686 /* HomeViewModel.swift in Sources */,
				E71572B12475A0EE00EF2E06 /* AppDelegate.swift in Sources */,
				E71572B32475A0EE00EF2E06 /* SceneDelegate.swift in Sources */,
				E71572E02475A72000EF2E06 /* Coordinator.swift in Sources */,
				E71572E72475AB2500EF2E06 /* HomeCoordinator.swift in Sources */,
			);
			runOnlyForDeploymentPostprocessing = 0;
		};
		E71572BF2475A0F000EF2E06 /* Sources */ = {
			isa = PBXSourcesBuildPhase;
			buildActionMask = 2147483647;
			files = (
				E71572C82475A0F000EF2E06 /* VisionPlaygroundTests.swift in Sources */,
			);
			runOnlyForDeploymentPostprocessing = 0;
		};
/* End PBXSourcesBuildPhase section */

/* Begin PBXTargetDependency section */
		E71572C52475A0F000EF2E06 /* PBXTargetDependency */ = {
			isa = PBXTargetDependency;
			target = E71572AC2475A0EE00EF2E06 /* VisionPlayground */;
			targetProxy = E71572C42475A0F000EF2E06 /* PBXContainerItemProxy */;
		};
/* End PBXTargetDependency section */

/* Begin PBXVariantGroup section */
		E71572BB2475A0F000EF2E06 /* LaunchScreen.storyboard */ = {
			isa = PBXVariantGroup;
			children = (
				E71572BC2475A0F000EF2E06 /* Base */,
			);
			name = LaunchScreen.storyboard;
			sourceTree = "<group>";
		};
/* End PBXVariantGroup section */

/* Begin XCBuildConfiguration section */
		E71572CA2475A0F000EF2E06 /* Debug */ = {
			isa = XCBuildConfiguration;
			buildSettings = {
				ALWAYS_SEARCH_USER_PATHS = NO;
				CLANG_ANALYZER_NONNULL = YES;
				CLANG_ANALYZER_NUMBER_OBJECT_CONVERSION = YES_AGGRESSIVE;
				CLANG_CXX_LANGUAGE_STANDARD = "gnu++14";
				CLANG_CXX_LIBRARY = "libc++";
				CLANG_ENABLE_MODULES = YES;
				CLANG_ENABLE_OBJC_ARC = YES;
				CLANG_ENABLE_OBJC_WEAK = YES;
				CLANG_WARN_BLOCK_CAPTURE_AUTORELEASING = YES;
				CLANG_WARN_BOOL_CONVERSION = YES;
				CLANG_WARN_COMMA = YES;
				CLANG_WARN_CONSTANT_CONVERSION = YES;
				CLANG_WARN_DEPRECATED_OBJC_IMPLEMENTATIONS = YES;
				CLANG_WARN_DIRECT_OBJC_ISA_USAGE = YES_ERROR;
				CLANG_WARN_DOCUMENTATION_COMMENTS = YES;
				CLANG_WARN_EMPTY_BODY = YES;
				CLANG_WARN_ENUM_CONVERSION = YES;
				CLANG_WARN_INFINITE_RECURSION = YES;
				CLANG_WARN_INT_CONVERSION = YES;
				CLANG_WARN_NON_LITERAL_NULL_CONVERSION = YES;
				CLANG_WARN_OBJC_IMPLICIT_RETAIN_SELF = YES;
				CLANG_WARN_OBJC_LITERAL_CONVERSION = YES;
				CLANG_WARN_OBJC_ROOT_CLASS = YES_ERROR;
				CLANG_WARN_RANGE_LOOP_ANALYSIS = YES;
				CLANG_WARN_STRICT_PROTOTYPES = YES;
				CLANG_WARN_SUSPICIOUS_MOVE = YES;
				CLANG_WARN_UNGUARDED_AVAILABILITY = YES_AGGRESSIVE;
				CLANG_WARN_UNREACHABLE_CODE = YES;
				CLANG_WARN__DUPLICATE_METHOD_MATCH = YES;
				COPY_PHASE_STRIP = NO;
				DEBUG_INFORMATION_FORMAT = dwarf;
				ENABLE_STRICT_OBJC_MSGSEND = YES;
				ENABLE_TESTABILITY = YES;
				GCC_C_LANGUAGE_STANDARD = gnu11;
				GCC_DYNAMIC_NO_PIC = NO;
				GCC_NO_COMMON_BLOCKS = YES;
				GCC_OPTIMIZATION_LEVEL = 0;
				GCC_PREPROCESSOR_DEFINITIONS = (
					"DEBUG=1",
					"$(inherited)",
				);
				GCC_WARN_64_TO_32_BIT_CONVERSION = YES;
				GCC_WARN_ABOUT_RETURN_TYPE = YES_ERROR;
				GCC_WARN_UNDECLARED_SELECTOR = YES;
				GCC_WARN_UNINITIALIZED_AUTOS = YES_AGGRESSIVE;
				GCC_WARN_UNUSED_FUNCTION = YES;
				GCC_WARN_UNUSED_VARIABLE = YES;
				IPHONEOS_DEPLOYMENT_TARGET = 13.4;
				MTL_ENABLE_DEBUG_INFO = INCLUDE_SOURCE;
				MTL_FAST_MATH = YES;
				ONLY_ACTIVE_ARCH = YES;
				SDKROOT = iphoneos;
				SWIFT_ACTIVE_COMPILATION_CONDITIONS = DEBUG;
				SWIFT_OPTIMIZATION_LEVEL = "-Onone";
			};
			name = Debug;
		};
		E71572CB2475A0F000EF2E06 /* Release */ = {
			isa = XCBuildConfiguration;
			buildSettings = {
				ALWAYS_SEARCH_USER_PATHS = NO;
				CLANG_ANALYZER_NONNULL = YES;
				CLANG_ANALYZER_NUMBER_OBJECT_CONVERSION = YES_AGGRESSIVE;
				CLANG_CXX_LANGUAGE_STANDARD = "gnu++14";
				CLANG_CXX_LIBRARY = "libc++";
				CLANG_ENABLE_MODULES = YES;
				CLANG_ENABLE_OBJC_ARC = YES;
				CLANG_ENABLE_OBJC_WEAK = YES;
				CLANG_WARN_BLOCK_CAPTURE_AUTORELEASING = YES;
				CLANG_WARN_BOOL_CONVERSION = YES;
				CLANG_WARN_COMMA = YES;
				CLANG_WARN_CONSTANT_CONVERSION = YES;
				CLANG_WARN_DEPRECATED_OBJC_IMPLEMENTATIONS = YES;
				CLANG_WARN_DIRECT_OBJC_ISA_USAGE = YES_ERROR;
				CLANG_WARN_DOCUMENTATION_COMMENTS = YES;
				CLANG_WARN_EMPTY_BODY = YES;
				CLANG_WARN_ENUM_CONVERSION = YES;
				CLANG_WARN_INFINITE_RECURSION = YES;
				CLANG_WARN_INT_CONVERSION = YES;
				CLANG_WARN_NON_LITERAL_NULL_CONVERSION = YES;
				CLANG_WARN_OBJC_IMPLICIT_RETAIN_SELF = YES;
				CLANG_WARN_OBJC_LITERAL_CONVERSION = YES;
				CLANG_WARN_OBJC_ROOT_CLASS = YES_ERROR;
				CLANG_WARN_RANGE_LOOP_ANALYSIS = YES;
				CLANG_WARN_STRICT_PROTOTYPES = YES;
				CLANG_WARN_SUSPICIOUS_MOVE = YES;
				CLANG_WARN_UNGUARDED_AVAILABILITY = YES_AGGRESSIVE;
				CLANG_WARN_UNREACHABLE_CODE = YES;
				CLANG_WARN__DUPLICATE_METHOD_MATCH = YES;
				COPY_PHASE_STRIP = NO;
				DEBUG_INFORMATION_FORMAT = "dwarf-with-dsym";
				ENABLE_NS_ASSERTIONS = NO;
				ENABLE_STRICT_OBJC_MSGSEND = YES;
				GCC_C_LANGUAGE_STANDARD = gnu11;
				GCC_NO_COMMON_BLOCKS = YES;
				GCC_WARN_64_TO_32_BIT_CONVERSION = YES;
				GCC_WARN_ABOUT_RETURN_TYPE = YES_ERROR;
				GCC_WARN_UNDECLARED_SELECTOR = YES;
				GCC_WARN_UNINITIALIZED_AUTOS = YES_AGGRESSIVE;
				GCC_WARN_UNUSED_FUNCTION = YES;
				GCC_WARN_UNUSED_VARIABLE = YES;
				IPHONEOS_DEPLOYMENT_TARGET = 13.4;
				MTL_ENABLE_DEBUG_INFO = NO;
				MTL_FAST_MATH = YES;
				SDKROOT = iphoneos;
				SWIFT_COMPILATION_MODE = wholemodule;
				SWIFT_OPTIMIZATION_LEVEL = "-O";
				VALIDATE_PRODUCT = YES;
			};
			name = Release;
		};
		E71572CD2475A0F000EF2E06 /* Debug */ = {
			isa = XCBuildConfiguration;
			buildSettings = {
				ASSETCATALOG_COMPILER_APPICON_NAME = AppIcon;
				CODE_SIGN_STYLE = Automatic;
				DEVELOPMENT_TEAM = 546AYWWQBN;
				INFOPLIST_FILE = VisionPlayground/Info.plist;
				LD_RUNPATH_SEARCH_PATHS = (
					"$(inherited)",
					"@executable_path/Frameworks",
				);
				PRODUCT_BUNDLE_IDENTIFIER = com.lmoreton.ios.VisionPlayground;
				PRODUCT_NAME = "$(TARGET_NAME)";
				SWIFT_VERSION = 5.0;
				TARGETED_DEVICE_FAMILY = "1,2";
			};
			name = Debug;
		};
		E71572CE2475A0F000EF2E06 /* Release */ = {
			isa = XCBuildConfiguration;
			buildSettings = {
				ASSETCATALOG_COMPILER_APPICON_NAME = AppIcon;
				CODE_SIGN_STYLE = Automatic;
				DEVELOPMENT_TEAM = 546AYWWQBN;
				INFOPLIST_FILE = VisionPlayground/Info.plist;
				LD_RUNPATH_SEARCH_PATHS = (
					"$(inherited)",
					"@executable_path/Frameworks",
				);
				PRODUCT_BUNDLE_IDENTIFIER = com.lmoreton.ios.VisionPlayground;
				PRODUCT_NAME = "$(TARGET_NAME)";
				SWIFT_VERSION = 5.0;
				TARGETED_DEVICE_FAMILY = "1,2";
			};
			name = Release;
		};
		E71572D02475A0F000EF2E06 /* Debug */ = {
			isa = XCBuildConfiguration;
			buildSettings = {
				ALWAYS_EMBED_SWIFT_STANDARD_LIBRARIES = YES;
				BUNDLE_LOADER = "$(TEST_HOST)";
				CODE_SIGN_STYLE = Automatic;
				DEVELOPMENT_TEAM = 546AYWWQBN;
				INFOPLIST_FILE = VisionPlaygroundTests/Info.plist;
				IPHONEOS_DEPLOYMENT_TARGET = 13.4;
				LD_RUNPATH_SEARCH_PATHS = (
					"$(inherited)",
					"@executable_path/Frameworks",
					"@loader_path/Frameworks",
				);
				PRODUCT_BUNDLE_IDENTIFIER = com.lmoreton.ios.VisionPlaygroundTests;
				PRODUCT_NAME = "$(TARGET_NAME)";
				SWIFT_VERSION = 5.0;
				TARGETED_DEVICE_FAMILY = "1,2";
				TEST_HOST = "$(BUILT_PRODUCTS_DIR)/VisionPlayground.app/VisionPlayground";
			};
			name = Debug;
		};
		E71572D12475A0F000EF2E06 /* Release */ = {
			isa = XCBuildConfiguration;
			buildSettings = {
				ALWAYS_EMBED_SWIFT_STANDARD_LIBRARIES = YES;
				BUNDLE_LOADER = "$(TEST_HOST)";
				CODE_SIGN_STYLE = Automatic;
				DEVELOPMENT_TEAM = 546AYWWQBN;
				INFOPLIST_FILE = VisionPlaygroundTests/Info.plist;
				IPHONEOS_DEPLOYMENT_TARGET = 13.4;
				LD_RUNPATH_SEARCH_PATHS = (
					"$(inherited)",
					"@executable_path/Frameworks",
					"@loader_path/Frameworks",
				);
				PRODUCT_BUNDLE_IDENTIFIER = com.lmoreton.ios.VisionPlaygroundTests;
				PRODUCT_NAME = "$(TARGET_NAME)";
				SWIFT_VERSION = 5.0;
				TARGETED_DEVICE_FAMILY = "1,2";
				TEST_HOST = "$(BUILT_PRODUCTS_DIR)/VisionPlayground.app/VisionPlayground";
			};
			name = Release;
		};
/* End XCBuildConfiguration section */

/* Begin XCConfigurationList section */
		E71572A82475A0EE00EF2E06 /* Build configuration list for PBXProject "VisionPlayground" */ = {
			isa = XCConfigurationList;
			buildConfigurations = (
				E71572CA2475A0F000EF2E06 /* Debug */,
				E71572CB2475A0F000EF2E06 /* Release */,
			);
			defaultConfigurationIsVisible = 0;
			defaultConfigurationName = Release;
		};
		E71572CC2475A0F000EF2E06 /* Build configuration list for PBXNativeTarget "VisionPlayground" */ = {
			isa = XCConfigurationList;
			buildConfigurations = (
				E71572CD2475A0F000EF2E06 /* Debug */,
				E71572CE2475A0F000EF2E06 /* Release */,
			);
			defaultConfigurationIsVisible = 0;
			defaultConfigurationName = Release;
		};
		E71572CF2475A0F000EF2E06 /* Build configuration list for PBXNativeTarget "VisionPlaygroundTests" */ = {
			isa = XCConfigurationList;
			buildConfigurations = (
				E71572D02475A0F000EF2E06 /* Debug */,
				E71572D12475A0F000EF2E06 /* Release */,
			);
			defaultConfigurationIsVisible = 0;
			defaultConfigurationName = Release;
		};
/* End XCConfigurationList section */
	};
	rootObject = E71572A52475A0EE00EF2E06 /* Project object */;
}
